{
  "plugin_type": "extractors",
  "name": "tap-dbt-artifacts",
  "namespace": "tap_dbt_artifacts",
  "variant": "prratek",
  "label": "dbt Artifacts",
  "docs": "https://hub.meltano.com/extractors/tap-dbt-artifacts--prratek",
  "repo": "https://github.com/prratek/tap-dbt-artifacts",
  "pip_url": "git+https://github.com/prratek/tap-dbt-artifacts.git",
  "description": "dbt Artifact Files",
  "logo_url": "https://hub.meltano.com/assets/logos/extractors/dbt-artifacts.png",
  "capabilities": [
    "catalog",
    "discover"
  ],
  "settings": [
    {
      "name": "dbt_target_dir",
      "kind": "string",
      "label": "dbt Target Dir",
      "description": "The full path to your dbt project's target directory.",
      "placeholder": "Ex. \"/path/to/dbt/target\""
    }
  ]
}
